// !$*UTF8*$!
{
	archiveVersion = 1;
	classes = {
	};
	objectVersion = 56;
	objects = {

/* Begin PBXBuildFile section */
		18116FE1295C7D160013C688 /* NavigationBarView.swift in Sources */ = {isa = PBXBuildFile; fileRef = 18116FE0295C7D160013C688 /* NavigationBarView.swift */; };
		18116FE3295C7E950013C688 /* LogoView.swift in Sources */ = {isa = PBXBuildFile; fileRef = 18116FE2295C7E950013C688 /* LogoView.swift */; };
		18116FE5295C89280013C688 /* PlayerModel.swift in Sources */ = {isa = PBXBuildFile; fileRef = 18116FE4295C89280013C688 /* PlayerModel.swift */; };
		18116FE7295C89500013C688 /* CodableBundleExtension.swift in Sources */ = {isa = PBXBuildFile; fileRef = 18116FE6295C89500013C688 /* CodableBundleExtension.swift */; };
		18116FE9295CA8260013C688 /* FeaturedItemView.swift in Sources */ = {isa = PBXBuildFile; fileRef = 18116FE8295CA8260013C688 /* FeaturedItemView.swift */; };
		18116FEB295CAA150013C688 /* FeaturedTabView.swift in Sources */ = {isa = PBXBuildFile; fileRef = 18116FEA295CAA150013C688 /* FeaturedTabView.swift */; };
		18516A5B2960A353008A2E60 /* CategoryModel.swift in Sources */ = {isa = PBXBuildFile; fileRef = 18516A5A2960A353008A2E60 /* CategoryModel.swift */; };
		18516A5D2960A409008A2E60 /* CategoryItemView.swift in Sources */ = {isa = PBXBuildFile; fileRef = 18516A5C2960A409008A2E60 /* CategoryItemView.swift */; };
		18516A5F2960A6A8008A2E60 /* CategoryGridView.swift in Sources */ = {isa = PBXBuildFile; fileRef = 18516A5E2960A6A8008A2E60 /* CategoryGridView.swift */; };
		18516A612960A98F008A2E60 /* SectionView.swift in Sources */ = {isa = PBXBuildFile; fileRef = 18516A602960A98F008A2E60 /* SectionView.swift */; };
		186777FE295AC7C00021A524 /* Constants.swift in Sources */ = {isa = PBXBuildFile; fileRef = 186777FD295AC7C00021A524 /* Constants.swift */; };
		18677800295AC83F0021A524 /* FooterView.swift in Sources */ = {isa = PBXBuildFile; fileRef = 186777FF295AC83F0021A524 /* FooterView.swift */; };
		18B7044A295A0B5E00CE4ECF /* ECommerceAppApp.swift in Sources */ = {isa = PBXBuildFile; fileRef = 18B70449295A0B5E00CE4ECF /* ECommerceAppApp.swift */; };
		18B7044C295A0B5E00CE4ECF /* ContentView.swift in Sources */ = {isa = PBXBuildFile; fileRef = 18B7044B295A0B5E00CE4ECF /* ContentView.swift */; };
		18B7044E295A0B6000CE4ECF /* Assets.xcassets in Resources */ = {isa = PBXBuildFile; fileRef = 18B7044D295A0B6000CE4ECF /* Assets.xcassets */; };
		18B70451295A0B6000CE4ECF /* Preview Assets.xcassets in Resources */ = {isa = PBXBuildFile; fileRef = 18B70450295A0B6000CE4ECF /* Preview Assets.xcassets */; };
		18B7045B295A0E7600CE4ECF /* brand.json in Resources */ = {isa = PBXBuildFile; fileRef = 18B70457295A0E7600CE4ECF /* brand.json */; };
		18B7045C295A0E7600CE4ECF /* product.json in Resources */ = {isa = PBXBuildFile; fileRef = 18B70458295A0E7600CE4ECF /* product.json */; };
		18B7045D295A0E7600CE4ECF /* category.json in Resources */ = {isa = PBXBuildFile; fileRef = 18B70459295A0E7600CE4ECF /* category.json */; };
		18B7045E295A0E7600CE4ECF /* player.json in Resources */ = {isa = PBXBuildFile; fileRef = 18B7045A295A0E7600CE4ECF /* player.json */; };
		18F712722961989F005CA04D /* TitleView.swift in Sources */ = {isa = PBXBuildFile; fileRef = 18F712712961989F005CA04D /* TitleView.swift */; };
		18F7127429619942005CA04D /* ProductModel.swift in Sources */ = {isa = PBXBuildFile; fileRef = 18F7127329619942005CA04D /* ProductModel.swift */; };
		18F71276296199B9005CA04D /* ProductItemView.swift in Sources */ = {isa = PBXBuildFile; fileRef = 18F71275296199B9005CA04D /* ProductItemView.swift */; };
		18F7127829619D41005CA04D /* BrandModel.swift in Sources */ = {isa = PBXBuildFile; fileRef = 18F7127729619D41005CA04D /* BrandModel.swift */; };
		18F7127A29619D76005CA04D /* BrandItemView.swift in Sources */ = {isa = PBXBuildFile; fileRef = 18F7127929619D76005CA04D /* BrandItemView.swift */; };
		18F7127C29619FA1005CA04D /* BrandGridView.swift in Sources */ = {isa = PBXBuildFile; fileRef = 18F7127B29619FA1005CA04D /* BrandGridView.swift */; };
/* End PBXBuildFile section */

/* Begin PBXFileReference section */
		18116FE0295C7D160013C688 /* NavigationBarView.swift */ = {isa = PBXFileReference; lastKnownFileType = sourcecode.swift; path = NavigationBarView.swift; sourceTree = "<group>"; };
		18116FE2295C7E950013C688 /* LogoView.swift */ = {isa = PBXFileReference; lastKnownFileType = sourcecode.swift; path = LogoView.swift; sourceTree = "<group>"; };
		18116FE4295C89280013C688 /* PlayerModel.swift */ = {isa = PBXFileReference; lastKnownFileType = sourcecode.swift; path = PlayerModel.swift; sourceTree = "<group>"; };
		18116FE6295C89500013C688 /* CodableBundleExtension.swift */ = {isa = PBXFileReference; lastKnownFileType = sourcecode.swift; path = CodableBundleExtension.swift; sourceTree = "<group>"; };
		18116FE8295CA8260013C688 /* FeaturedItemView.swift */ = {isa = PBXFileReference; lastKnownFileType = sourcecode.swift; path = FeaturedItemView.swift; sourceTree = "<group>"; };
		18116FEA295CAA150013C688 /* FeaturedTabView.swift */ = {isa = PBXFileReference; lastKnownFileType = sourcecode.swift; path = FeaturedTabView.swift; sourceTree = "<group>"; };
		18516A5A2960A353008A2E60 /* CategoryModel.swift */ = {isa = PBXFileReference; lastKnownFileType = sourcecode.swift; path = CategoryModel.swift; sourceTree = "<group>"; };
		18516A5C2960A409008A2E60 /* CategoryItemView.swift */ = {isa = PBXFileReference; lastKnownFileType = sourcecode.swift; path = CategoryItemView.swift; sourceTree = "<group>"; };
		18516A5E2960A6A8008A2E60 /* CategoryGridView.swift */ = {isa = PBXFileReference; lastKnownFileType = sourcecode.swift; path = CategoryGridView.swift; sourceTree = "<group>"; };
		18516A602960A98F008A2E60 /* SectionView.swift */ = {isa = PBXFileReference; lastKnownFileType = sourcecode.swift; path = SectionView.swift; sourceTree = "<group>"; };
		186777FD295AC7C00021A524 /* Constants.swift */ = {isa = PBXFileReference; lastKnownFileType = sourcecode.swift; path = Constants.swift; sourceTree = "<group>"; };
		186777FF295AC83F0021A524 /* FooterView.swift */ = {isa = PBXFileReference; lastKnownFileType = sourcecode.swift; path = FooterView.swift; sourceTree = "<group>"; };
		18B70446295A0B5E00CE4ECF /* ECommerceApp.app */ = {isa = PBXFileReference; explicitFileType = wrapper.application; includeInIndex = 0; path = ECommerceApp.app; sourceTree = BUILT_PRODUCTS_DIR; };
		18B70449295A0B5E00CE4ECF /* ECommerceAppApp.swift */ = {isa = PBXFileReference; lastKnownFileType = sourcecode.swift; path = ECommerceAppApp.swift; sourceTree = "<group>"; };
		18B7044B295A0B5E00CE4ECF /* ContentView.swift */ = {isa = PBXFileReference; lastKnownFileType = sourcecode.swift; path = ContentView.swift; sourceTree = "<group>"; };
		18B7044D295A0B6000CE4ECF /* Assets.xcassets */ = {isa = PBXFileReference; lastKnownFileType = folder.assetcatalog; path = Assets.xcassets; sourceTree = "<group>"; };
		18B70450295A0B6000CE4ECF /* Preview Assets.xcassets */ = {isa = PBXFileReference; lastKnownFileType = folder.assetcatalog; path = "Preview Assets.xcassets"; sourceTree = "<group>"; };
		18B70457295A0E7600CE4ECF /* brand.json */ = {isa = PBXFileReference; fileEncoding = 4; lastKnownFileType = text.json; path = brand.json; sourceTree = "<group>"; };
		18B70458295A0E7600CE4ECF /* product.json */ = {isa = PBXFileReference; fileEncoding = 4; lastKnownFileType = text.json; path = product.json; sourceTree = "<group>"; };
		18B70459295A0E7600CE4ECF /* category.json */ = {isa = PBXFileReference; fileEncoding = 4; lastKnownFileType = text.json; path = category.json; sourceTree = "<group>"; };
		18B7045A295A0E7600CE4ECF /* player.json */ = {isa = PBXFileReference; fileEncoding = 4; lastKnownFileType = text.json; path = player.json; sourceTree = "<group>"; };
		18B70460295A0EA200CE4ECF /* Info.plist */ = {isa = PBXFileReference; lastKnownFileType = text.plist; path = Info.plist; sourceTree = "<group>"; };
		18F712712961989F005CA04D /* TitleView.swift */ = {isa = PBXFileReference; lastKnownFileType = sourcecode.swift; path = TitleView.swift; sourceTree = "<group>"; };
		18F7127329619942005CA04D /* ProductModel.swift */ = {isa = PBXFileReference; lastKnownFileType = sourcecode.swift; path = ProductModel.swift; sourceTree = "<group>"; };
		18F71275296199B9005CA04D /* ProductItemView.swift */ = {isa = PBXFileReference; lastKnownFileType = sourcecode.swift; path = ProductItemView.swift; sourceTree = "<group>"; };
		18F7127729619D41005CA04D /* BrandModel.swift */ = {isa = PBXFileReference; lastKnownFileType = sourcecode.swift; path = BrandModel.swift; sourceTree = "<group>"; };
		18F7127929619D76005CA04D /* BrandItemView.swift */ = {isa = PBXFileReference; lastKnownFileType = sourcecode.swift; path = BrandItemView.swift; sourceTree = "<group>"; };
		18F7127B29619FA1005CA04D /* BrandGridView.swift */ = {isa = PBXFileReference; lastKnownFileType = sourcecode.swift; path = BrandGridView.swift; sourceTree = "<group>"; };
/* End PBXFileReference section */

/* Begin PBXFrameworksBuildPhase section */
		18B70443295A0B5E00CE4ECF /* Frameworks */ = {
			isa = PBXFrameworksBuildPhase;
			buildActionMask = 2147483647;
			files = (
			);
			runOnlyForDeploymentPostprocessing = 0;
		};
/* End PBXFrameworksBuildPhase section */

/* Begin PBXGroup section */
		18B7043D295A0B5E00CE4ECF = {
			isa = PBXGroup;
			children = (
				18B70448295A0B5E00CE4ECF /* ECommerceApp */,
				18B70447295A0B5E00CE4ECF /* Products */,
			);
			sourceTree = "<group>";
		};
		18B70447295A0B5E00CE4ECF /* Products */ = {
			isa = PBXGroup;
			children = (
				18B70446295A0B5E00CE4ECF /* ECommerceApp.app */,
			);
			name = Products;
			sourceTree = "<group>";
		};
		18B70448295A0B5E00CE4ECF /* ECommerceApp */ = {
			isa = PBXGroup;
			children = (
				18B70467295A0F8500CE4ECF /* Model */,
				18B70466295A0F7F00CE4ECF /* Extension */,
				18B70465295A0F7900CE4ECF /* Utility */,
				18B70462295A0F5900CE4ECF /* View */,
				18B70460295A0EA200CE4ECF /* Info.plist */,
				18B70461295A0F4F00CE4ECF /* App */,
				18B7044D295A0B6000CE4ECF /* Assets.xcassets */,
				18B7045F295A0E7F00CE4ECF /* Data */,
				18B7044F295A0B6000CE4ECF /* Preview Content */,
			);
			path = ECommerceApp;
			sourceTree = "<group>";
		};
		18B7044F295A0B6000CE4ECF /* Preview Content */ = {
			isa = PBXGroup;
			children = (
				18B70450295A0B6000CE4ECF /* Preview Assets.xcassets */,
			);
			path = "Preview Content";
			sourceTree = "<group>";
		};
		18B7045F295A0E7F00CE4ECF /* Data */ = {
			isa = PBXGroup;
			children = (
				18B70457295A0E7600CE4ECF /* brand.json */,
				18B70459295A0E7600CE4ECF /* category.json */,
				18B7045A295A0E7600CE4ECF /* player.json */,
				18B70458295A0E7600CE4ECF /* product.json */,
			);
			path = Data;
			sourceTree = "<group>";
		};
		18B70461295A0F4F00CE4ECF /* App */ = {
			isa = PBXGroup;
			children = (
				18B70449295A0B5E00CE4ECF /* ECommerceAppApp.swift */,
				18B7044B295A0B5E00CE4ECF /* ContentView.swift */,
			);
			path = App;
			sourceTree = "<group>";
		};
		18B70462295A0F5900CE4ECF /* View */ = {
			isa = PBXGroup;
			children = (
				18B70464295A0F6200CE4ECF /* Home */,
				18B70463295A0F5E00CE4ECF /* Detail */,
			);
			path = View;
			sourceTree = "<group>";
		};
		18B70463295A0F5E00CE4ECF /* Detail */ = {
			isa = PBXGroup;
			children = (
			);
			path = Detail;
			sourceTree = "<group>";
		};
		18B70464295A0F6200CE4ECF /* Home */ = {
			isa = PBXGroup;
			children = (
				186777FF295AC83F0021A524 /* FooterView.swift */,
				18116FE0295C7D160013C688 /* NavigationBarView.swift */,
				18116FE2295C7E950013C688 /* LogoView.swift */,
				18116FE8295CA8260013C688 /* FeaturedItemView.swift */,
				18116FEA295CAA150013C688 /* FeaturedTabView.swift */,
				18516A5C2960A409008A2E60 /* CategoryItemView.swift */,
				18516A5E2960A6A8008A2E60 /* CategoryGridView.swift */,
				18516A602960A98F008A2E60 /* SectionView.swift */,
				18F712712961989F005CA04D /* TitleView.swift */,
				18F71275296199B9005CA04D /* ProductItemView.swift */,
				18F7127929619D76005CA04D /* BrandItemView.swift */,
				18F7127B29619FA1005CA04D /* BrandGridView.swift */,
			);
			path = Home;
			sourceTree = "<group>";
		};
		18B70465295A0F7900CE4ECF /* Utility */ = {
			isa = PBXGroup;
			children = (
				186777FD295AC7C00021A524 /* Constants.swift */,
			);
			path = Utility;
			sourceTree = "<group>";
		};
		18B70466295A0F7F00CE4ECF /* Extension */ = {
			isa = PBXGroup;
			children = (
				18116FE6295C89500013C688 /* CodableBundleExtension.swift */,
			);
			path = Extension;
			sourceTree = "<group>";
		};
		18B70467295A0F8500CE4ECF /* Model */ = {
			isa = PBXGroup;
			children = (
				18116FE4295C89280013C688 /* PlayerModel.swift */,
				18516A5A2960A353008A2E60 /* CategoryModel.swift */,
				18F7127329619942005CA04D /* ProductModel.swift */,
				18F7127729619D41005CA04D /* BrandModel.swift */,
			);
			path = Model;
			sourceTree = "<group>";
		};
/* End PBXGroup section */

/* Begin PBXNativeTarget section */
		18B70445295A0B5E00CE4ECF /* ECommerceApp */ = {
			isa = PBXNativeTarget;
			buildConfigurationList = 18B70454295A0B6000CE4ECF /* Build configuration list for PBXNativeTarget "ECommerceApp" */;
			buildPhases = (
				18B70442295A0B5E00CE4ECF /* Sources */,
				18B70443295A0B5E00CE4ECF /* Frameworks */,
				18B70444295A0B5E00CE4ECF /* Resources */,
			);
			buildRules = (
			);
			dependencies = (
			);
			name = ECommerceApp;
			productName = ECommerceApp;
			productReference = 18B70446295A0B5E00CE4ECF /* ECommerceApp.app */;
			productType = "com.apple.product-type.application";
		};
/* End PBXNativeTarget section */

/* Begin PBXProject section */
		18B7043E295A0B5E00CE4ECF /* Project object */ = {
			isa = PBXProject;
			attributes = {
				BuildIndependentTargetsInParallel = 1;
				LastSwiftUpdateCheck = 1400;
				LastUpgradeCheck = 1400;
				TargetAttributes = {
					18B70445295A0B5E00CE4ECF = {
						CreatedOnToolsVersion = 14.0;
					};
				};
			};
			buildConfigurationList = 18B70441295A0B5E00CE4ECF /* Build configuration list for PBXProject "ECommerceApp" */;
			compatibilityVersion = "Xcode 14.0";
			developmentRegion = en;
			hasScannedForEncodings = 0;
			knownRegions = (
				en,
				Base,
			);
			mainGroup = 18B7043D295A0B5E00CE4ECF;
			productRefGroup = 18B70447295A0B5E00CE4ECF /* Products */;
			projectDirPath = "";
			projectRoot = "";
			targets = (
				18B70445295A0B5E00CE4ECF /* ECommerceApp */,
			);
		};
/* End PBXProject section */

/* Begin PBXResourcesBuildPhase section */
		18B70444295A0B5E00CE4ECF /* Resources */ = {
			isa = PBXResourcesBuildPhase;
			buildActionMask = 2147483647;
			files = (
				18B7045E295A0E7600CE4ECF /* player.json in Resources */,
				18B70451295A0B6000CE4ECF /* Preview Assets.xcassets in Resources */,
				18B7045C295A0E7600CE4ECF /* product.json in Resources */,
				18B7045D295A0E7600CE4ECF /* category.json in Resources */,
				18B7044E295A0B6000CE4ECF /* Assets.xcassets in Resources */,
				18B7045B295A0E7600CE4ECF /* brand.json in Resources */,
			);
			runOnlyForDeploymentPostprocessing = 0;
		};
/* End PBXResourcesBuildPhase section */

/* Begin PBXSourcesBuildPhase section */
		18B70442295A0B5E00CE4ECF /* Sources */ = {
			isa = PBXSourcesBuildPhase;
			buildActionMask = 2147483647;
			files = (
				18116FE7295C89500013C688 /* CodableBundleExtension.swift in Sources */,
				18B7044C295A0B5E00CE4ECF /* ContentView.swift in Sources */,
				18116FE3295C7E950013C688 /* LogoView.swift in Sources */,
				18F71276296199B9005CA04D /* ProductItemView.swift in Sources */,
				18677800295AC83F0021A524 /* FooterView.swift in Sources */,
				18116FE9295CA8260013C688 /* FeaturedItemView.swift in Sources */,
				18F7127C29619FA1005CA04D /* BrandGridView.swift in Sources */,
				18B7044A295A0B5E00CE4ECF /* ECommerceAppApp.swift in Sources */,
				186777FE295AC7C00021A524 /* Constants.swift in Sources */,
				18516A5F2960A6A8008A2E60 /* CategoryGridView.swift in Sources */,
				18516A5B2960A353008A2E60 /* CategoryModel.swift in Sources */,
				18116FE1295C7D160013C688 /* NavigationBarView.swift in Sources */,
				18516A612960A98F008A2E60 /* SectionView.swift in Sources */,
				18F7127A29619D76005CA04D /* BrandItemView.swift in Sources */,
				18516A5D2960A409008A2E60 /* CategoryItemView.swift in Sources */,
				18116FEB295CAA150013C688 /* FeaturedTabView.swift in Sources */,
				18116FE5295C89280013C688 /* PlayerModel.swift in Sources */,
				18F7127829619D41005CA04D /* BrandModel.swift in Sources */,
				18F712722961989F005CA04D /* TitleView.swift in Sources */,
				18F7127429619942005CA04D /* ProductModel.swift in Sources */,
			);
			runOnlyForDeploymentPostprocessing = 0;
		};
/* End PBXSourcesBuildPhase section */

/* Begin XCBuildConfiguration section */
		18B70452295A0B6000CE4ECF /* Debug */ = {
			isa = XCBuildConfiguration;
			buildSettings = {
				ALWAYS_SEARCH_USER_PATHS = NO;
				CLANG_ANALYZER_NONNULL = YES;
				CLANG_ANALYZER_NUMBER_OBJECT_CONVERSION = YES_AGGRESSIVE;
				CLANG_CXX_LANGUAGE_STANDARD = "gnu++20";
				CLANG_ENABLE_MODULES = YES;
				CLANG_ENABLE_OBJC_ARC = YES;
				CLANG_ENABLE_OBJC_WEAK = YES;
				CLANG_WARN_BLOCK_CAPTURE_AUTORELEASING = YES;
				CLANG_WARN_BOOL_CONVERSION = YES;
				CLANG_WARN_COMMA = YES;
				CLANG_WARN_CONSTANT_CONVERSION = YES;
				CLANG_WARN_DEPRECATED_OBJC_IMPLEMENTATIONS = YES;
				CLANG_WARN_DIRECT_OBJC_ISA_USAGE = YES_ERROR;
				CLANG_WARN_DOCUMENTATION_COMMENTS = YES;
				CLANG_WARN_EMPTY_BODY = YES;
				CLANG_WARN_ENUM_CONVERSION = YES;
				CLANG_WARN_INFINITE_RECURSION = YES;
				CLANG_WARN_INT_CONVERSION = YES;
				CLANG_WARN_NON_LITERAL_NULL_CONVERSION = YES;
				CLANG_WARN_OBJC_IMPLICIT_RETAIN_SELF = YES;
				CLANG_WARN_OBJC_LITERAL_CONVERSION = YES;
				CLANG_WARN_OBJC_ROOT_CLASS = YES_ERROR;
				CLANG_WARN_QUOTED_INCLUDE_IN_FRAMEWORK_HEADER = YES;
				CLANG_WARN_RANGE_LOOP_ANALYSIS = YES;
				CLANG_WARN_STRICT_PROTOTYPES = YES;
				CLANG_WARN_SUSPICIOUS_MOVE = YES;
				CLANG_WARN_UNGUARDED_AVAILABILITY = YES_AGGRESSIVE;
				CLANG_WARN_UNREACHABLE_CODE = YES;
				CLANG_WARN__DUPLICATE_METHOD_MATCH = YES;
				COPY_PHASE_STRIP = NO;
				DEBUG_INFORMATION_FORMAT = dwarf;
				ENABLE_STRICT_OBJC_MSGSEND = YES;
				ENABLE_TESTABILITY = YES;
				GCC_C_LANGUAGE_STANDARD = gnu11;
				GCC_DYNAMIC_NO_PIC = NO;
				GCC_NO_COMMON_BLOCKS = YES;
				GCC_OPTIMIZATION_LEVEL = 0;
				GCC_PREPROCESSOR_DEFINITIONS = (
					"DEBUG=1",
					"$(inherited)",
				);
				GCC_WARN_64_TO_32_BIT_CONVERSION = YES;
				GCC_WARN_ABOUT_RETURN_TYPE = YES_ERROR;
				GCC_WARN_UNDECLARED_SELECTOR = YES;
				GCC_WARN_UNINITIALIZED_AUTOS = YES_AGGRESSIVE;
				GCC_WARN_UNUSED_FUNCTION = YES;
				GCC_WARN_UNUSED_VARIABLE = YES;
				IPHONEOS_DEPLOYMENT_TARGET = 16.0;
				MTL_ENABLE_DEBUG_INFO = INCLUDE_SOURCE;
				MTL_FAST_MATH = YES;
				ONLY_ACTIVE_ARCH = YES;
				SDKROOT = iphoneos;
				SWIFT_ACTIVE_COMPILATION_CONDITIONS = DEBUG;
				SWIFT_OPTIMIZATION_LEVEL = "-Onone";
			};
			name = Debug;
		};
		18B70453295A0B6000CE4ECF /* Release */ = {
			isa = XCBuildConfiguration;
			buildSettings = {
				ALWAYS_SEARCH_USER_PATHS = NO;
				CLANG_ANALYZER_NONNULL = YES;
				CLANG_ANALYZER_NUMBER_OBJECT_CONVERSION = YES_AGGRESSIVE;
				CLANG_CXX_LANGUAGE_STANDARD = "gnu++20";
				CLANG_ENABLE_MODULES = YES;
				CLANG_ENABLE_OBJC_ARC = YES;
				CLANG_ENABLE_OBJC_WEAK = YES;
				CLANG_WARN_BLOCK_CAPTURE_AUTORELEASING = YES;
				CLANG_WARN_BOOL_CONVERSION = YES;
				CLANG_WARN_COMMA = YES;
				CLANG_WARN_CONSTANT_CONVERSION = YES;
				CLANG_WARN_DEPRECATED_OBJC_IMPLEMENTATIONS = YES;
				CLANG_WARN_DIRECT_OBJC_ISA_USAGE = YES_ERROR;
				CLANG_WARN_DOCUMENTATION_COMMENTS = YES;
				CLANG_WARN_EMPTY_BODY = YES;
				CLANG_WARN_ENUM_CONVERSION = YES;
				CLANG_WARN_INFINITE_RECURSION = YES;
				CLANG_WARN_INT_CONVERSION = YES;
				CLANG_WARN_NON_LITERAL_NULL_CONVERSION = YES;
				CLANG_WARN_OBJC_IMPLICIT_RETAIN_SELF = YES;
				CLANG_WARN_OBJC_LITERAL_CONVERSION = YES;
				CLANG_WARN_OBJC_ROOT_CLASS = YES_ERROR;
				CLANG_WARN_QUOTED_INCLUDE_IN_FRAMEWORK_HEADER = YES;
				CLANG_WARN_RANGE_LOOP_ANALYSIS = YES;
				CLANG_WARN_STRICT_PROTOTYPES = YES;
				CLANG_WARN_SUSPICIOUS_MOVE = YES;
				CLANG_WARN_UNGUARDED_AVAILABILITY = YES_AGGRESSIVE;
				CLANG_WARN_UNREACHABLE_CODE = YES;
				CLANG_WARN__DUPLICATE_METHOD_MATCH = YES;
				COPY_PHASE_STRIP = NO;
				DEBUG_INFORMATION_FORMAT = "dwarf-with-dsym";
				ENABLE_NS_ASSERTIONS = NO;
				ENABLE_STRICT_OBJC_MSGSEND = YES;
				GCC_C_LANGUAGE_STANDARD = gnu11;
				GCC_NO_COMMON_BLOCKS = YES;
				GCC_WARN_64_TO_32_BIT_CONVERSION = YES;
				GCC_WARN_ABOUT_RETURN_TYPE = YES_ERROR;
				GCC_WARN_UNDECLARED_SELECTOR = YES;
				GCC_WARN_UNINITIALIZED_AUTOS = YES_AGGRESSIVE;
				GCC_WARN_UNUSED_FUNCTION = YES;
				GCC_WARN_UNUSED_VARIABLE = YES;
				IPHONEOS_DEPLOYMENT_TARGET = 16.0;
				MTL_ENABLE_DEBUG_INFO = NO;
				MTL_FAST_MATH = YES;
				SDKROOT = iphoneos;
				SWIFT_COMPILATION_MODE = wholemodule;
				SWIFT_OPTIMIZATION_LEVEL = "-O";
				VALIDATE_PRODUCT = YES;
			};
			name = Release;
		};
		18B70455295A0B6000CE4ECF /* Debug */ = {
			isa = XCBuildConfiguration;
			buildSettings = {
				ASSETCATALOG_COMPILER_APPICON_NAME = AppIcon;
				ASSETCATALOG_COMPILER_GLOBAL_ACCENT_COLOR_NAME = AccentColor;
				CODE_SIGN_STYLE = Automatic;
				CURRENT_PROJECT_VERSION = 1;
				DEVELOPMENT_ASSET_PATHS = "\"ECommerceApp/Preview Content\"";
				DEVELOPMENT_TEAM = A8MY7W6Z5F;
				ENABLE_PREVIEWS = YES;
				GENERATE_INFOPLIST_FILE = YES;
				INFOPLIST_FILE = ECommerceApp/Info.plist;
				INFOPLIST_KEY_UIApplicationSceneManifest_Generation = YES;
				INFOPLIST_KEY_UIApplicationSupportsIndirectInputEvents = YES;
				INFOPLIST_KEY_UISupportedInterfaceOrientations = "UIInterfaceOrientationLandscapeLeft UIInterfaceOrientationLandscapeRight UIInterfaceOrientationPortrait";
				INFOPLIST_KEY_UISupportedInterfaceOrientations_iPad = "UIInterfaceOrientationPortrait UIInterfaceOrientationPortraitUpsideDown";
				INFOPLIST_KEY_UIUserInterfaceStyle = Light;
				LD_RUNPATH_SEARCH_PATHS = (
					"$(inherited)",
					"@executable_path/Frameworks",
				);
				MARKETING_VERSION = 1.0;
				PRODUCT_BUNDLE_IDENTIFIER = com.GS.L.ECommerceApp;
				PRODUCT_NAME = "$(TARGET_NAME)";
				SWIFT_EMIT_LOC_STRINGS = YES;
				SWIFT_VERSION = 5.0;
				TARGETED_DEVICE_FAMILY = "1,2";
			};
			name = Debug;
		};
		18B70456295A0B6000CE4ECF /* Release */ = {
			isa = XCBuildConfiguration;
			buildSettings = {
				ASSETCATALOG_COMPILER_APPICON_NAME = AppIcon;
				ASSETCATALOG_COMPILER_GLOBAL_ACCENT_COLOR_NAME = AccentColor;
				CODE_SIGN_STYLE = Automatic;
				CURRENT_PROJECT_VERSION = 1;
				DEVELOPMENT_ASSET_PATHS = "\"ECommerceApp/Preview Content\"";
				DEVELOPMENT_TEAM = A8MY7W6Z5F;
				ENABLE_PREVIEWS = YES;
				GENERATE_INFOPLIST_FILE = YES;
				INFOPLIST_FILE = ECommerceApp/Info.plist;
				INFOPLIST_KEY_UIApplicationSceneManifest_Generation = YES;
				INFOPLIST_KEY_UIApplicationSupportsIndirectInputEvents = YES;
				INFOPLIST_KEY_UISupportedInterfaceOrientations = "UIInterfaceOrientationLandscapeLeft UIInterfaceOrientationLandscapeRight UIInterfaceOrientationPortrait";
				INFOPLIST_KEY_UISupportedInterfaceOrientations_iPad = "UIInterfaceOrientationPortrait UIInterfaceOrientationPortraitUpsideDown";
				INFOPLIST_KEY_UIUserInterfaceStyle = Light;
				LD_RUNPATH_SEARCH_PATHS = (
					"$(inherited)",
					"@executable_path/Frameworks",
				);
				MARKETING_VERSION = 1.0;
				PRODUCT_BUNDLE_IDENTIFIER = com.GS.L.ECommerceApp;
				PRODUCT_NAME = "$(TARGET_NAME)";
				SWIFT_EMIT_LOC_STRINGS = YES;
				SWIFT_VERSION = 5.0;
				TARGETED_DEVICE_FAMILY = "1,2";
			};
			name = Release;
		};
/* End XCBuildConfiguration section */

/* Begin XCConfigurationList section */
		18B70441295A0B5E00CE4ECF /* Build configuration list for PBXProject "ECommerceApp" */ = {
			isa = XCConfigurationList;
			buildConfigurations = (
				18B70452295A0B6000CE4ECF /* Debug */,
				18B70453295A0B6000CE4ECF /* Release */,
			);
			defaultConfigurationIsVisible = 0;
			defaultConfigurationName = Release;
		};
		18B70454295A0B6000CE4ECF /* Build configuration list for PBXNativeTarget "ECommerceApp" */ = {
			isa = XCConfigurationList;
			buildConfigurations = (
				18B70455295A0B6000CE4ECF /* Debug */,
				18B70456295A0B6000CE4ECF /* Release */,
			);
			defaultConfigurationIsVisible = 0;
			defaultConfigurationName = Release;
		};
/* End XCConfigurationList section */
	};
	rootObject = 18B7043E295A0B5E00CE4ECF /* Project object */;
}
